
Microsoft Visual Studio Solution File, Format Version 12.00
# Visual Studio Version 16
VisualStudioVersion = 16.0.31605.320
MinimumVisualStudioVersion = 10.0.40219.1
Project("{FAE04EC0-301F-11D3-BF4B-00C04F79EFBC}") = "cs university", "cs university\cs university.csproj", "{0F6DF224-1297-4EE5-8E44-82A9342BA44F}"
EndProject
Global
	GlobalSection(SolutionConfigurationPlatforms) = preSolution
		Debug|Any CPU = Debug|Any CPU
		Release|Any CPU = Release|Any CPU
	EndGlobalSection
	GlobalSection(ProjectConfigurationPlatforms) = postSolution
		{0F6DF224-1297-4EE5-8E44-82A9342BA44F}.Debug|Any CPU.ActiveCfg = Debug|Any CPU
		{0F6DF224-1297-4EE5-8E44-82A9342BA44F}.Debug|Any CPU.Build.0 = Debug|Any CPU
		{0F6DF224-1297-4EE5-8E44-82A9342BA44F}.Release|Any CPU.ActiveCfg = Release|Any CPU
		{0F6DF224-1297-4EE5-8E44-82A9342BA44F}.Release|Any CPU.Build.0 = Release|Any CPU
	EndGlobalSection
	GlobalSection(SolutionProperties) = preSolution
		HideSolutionNode = FALSE
	EndGlobalSection
	GlobalSection(ExtensibilityGlobals) = postSolution
		SolutionGuid = {E4F1EF56-8286-4E22-9B4B-43F4F8FA810A}
	EndGlobalSection
EndGlobal
